
Microsoft Visual Studio Solution File, Format Version 12.00
# Visual Studio Version 16
VisualStudioVersion = 16.0.31702.278
MinimumVisualStudioVersion = 10.0.40219.1
Project("{FAE04EC0-301F-11D3-BF4B-00C04F79EFBC}") = "Dz_14_TexPodderjka_ChainofResponsibility", "Dz_14_TexPodderjka_ChainofResponsibility\Dz_14_TexPodderjka_ChainofResponsibility.csproj", "{03CCC89C-C046-447A-9108-EE0C3BD149D1}"
EndProject
Global
	GlobalSection(SolutionConfigurationPlatforms) = preSolution
		Debug|Any CPU = Debug|Any CPU
		Release|Any CPU = Release|Any CPU
	EndGlobalSection
	GlobalSection(ProjectConfigurationPlatforms) = postSolution
		{03CCC89C-C046-447A-9108-EE0C3BD149D1}.Debug|Any CPU.ActiveCfg = Debug|Any CPU
		{03CCC89C-C046-447A-9108-EE0C3BD149D1}.Debug|Any CPU.Build.0 = Debug|Any CPU
		{03CCC89C-C046-447A-9108-EE0C3BD149D1}.Release|Any CPU.ActiveCfg = Release|Any CPU
		{03CCC89C-C046-447A-9108-EE0C3BD149D1}.Release|Any CPU.Build.0 = Release|Any CPU
	EndGlobalSection
	GlobalSection(SolutionProperties) = preSolution
		HideSolutionNode = FALSE
	EndGlobalSection
	GlobalSection(ExtensibilityGlobals) = postSolution
		SolutionGuid = {D39FCFC9-272F-4006-AA89-001AA458CBC6}
	EndGlobalSection
EndGlobal
